
Microsoft Visual Studio Solution File, Format Version 12.00
# Visual Studio Version 17
VisualStudioVersion = 17.5.33424.131
MinimumVisualStudioVersion = 10.0.40219.1
Project("{FAE04EC0-301F-11D3-BF4B-00C04F79EFBC}") = "Krasnolud", "Krasnolud\Krasnolud.csproj", "{586066AD-D0CC-4B7D-85BB-C672892010ED}"
EndProject
Global
	GlobalSection(SolutionConfigurationPlatforms) = preSolution
		Debug|Any CPU = Debug|Any CPU
		Release|Any CPU = Release|Any CPU
	EndGlobalSection
	GlobalSection(ProjectConfigurationPlatforms) = postSolution
		{586066AD-D0CC-4B7D-85BB-C672892010ED}.Debug|Any CPU.ActiveCfg = Debug|Any CPU
		{586066AD-D0CC-4B7D-85BB-C672892010ED}.Debug|Any CPU.Build.0 = Debug|Any CPU
		{586066AD-D0CC-4B7D-85BB-C672892010ED}.Release|Any CPU.ActiveCfg = Release|Any CPU
		{586066AD-D0CC-4B7D-85BB-C672892010ED}.Release|Any CPU.Build.0 = Release|Any CPU
	EndGlobalSection
	GlobalSection(SolutionProperties) = preSolution
		HideSolutionNode = FALSE
	EndGlobalSection
	GlobalSection(ExtensibilityGlobals) = postSolution
		SolutionGuid = {7EA6883D-6C03-4A0B-ABA9-D9A8A56DD480}
	EndGlobalSection
EndGlobal
